# THIS IS AN AUTOGENERATED FILE. DO NOT EDIT THIS FILE DIRECTLY.
# yarn lockfile v1


conventional-changelog-beemo@^1.6.0:
  version "1.6.0"
  resolved "https://registry.yarnpkg.com/conventional-changelog-beemo/-/conventional-changelog-beemo-1.6.0.tgz#a528d8108123715ee0cbffbc93cd31ec98d00e46"
  integrity sha512-H3T07JUWn5YnaLIXK8rywMXqdWhbStpJV/wIZaUxdhznRZhswxJI49oUHzAaAlctCFHv2sdJcJsnofDpu3U9lg==
